// !$*UTF8*$!
{
	archiveVersion = 1;
	classes = {
	};
	objectVersion = 46;
	objects = {

/* Begin PBXBuildFile section */
		079B17DA1D0764E60035EB25 /* DataServer.swift in Sources */ = {isa = PBXBuildFile; fileRef = 079B17D91D0764E60035EB25 /* DataServer.swift */; };
		3035E31C1CFC6BB500872740 /* MessagesViewController.swift in Sources */ = {isa = PBXBuildFile; fileRef = 3035E31B1CFC6BB500872740 /* MessagesViewController.swift */; };
		304CCFD31CF85C7600EE0489 /* GoogleService-Info.plist in Resources */ = {isa = PBXBuildFile; fileRef = 304CCFD21CF85C7600EE0489 /* GoogleService-Info.plist */; };
		306881581CF78A1A00D16BC1 /* TimerViewController.swift in Sources */ = {isa = PBXBuildFile; fileRef = 306881571CF78A1A00D16BC1 /* TimerViewController.swift */; };
		307926071D0D923D002942BA /* UsersTableViewCell.swift in Sources */ = {isa = PBXBuildFile; fileRef = 307926061D0D923D002942BA /* UsersTableViewCell.swift */; };
		307926091D0D9284002942BA /* UsersTableViewController.swift in Sources */ = {isa = PBXBuildFile; fileRef = 307926081D0D9284002942BA /* UsersTableViewController.swift */; };
		308C22E31CF4A00F003B77B5 /* NewTopicViewController.swift in Sources */ = {isa = PBXBuildFile; fileRef = 308C22E21CF4A00F003B77B5 /* NewTopicViewController.swift */; };
		308C22E71CF4A991003B77B5 /* TopicsTableViewController.swift in Sources */ = {isa = PBXBuildFile; fileRef = 308C22E61CF4A991003B77B5 /* TopicsTableViewController.swift */; };
		308C22E91CF4AED9003B77B5 /* TopicsTableViewCell.swift in Sources */ = {isa = PBXBuildFile; fileRef = 308C22E81CF4AED9003B77B5 /* TopicsTableViewCell.swift */; };
		308C22EB1CF4B1DE003B77B5 /* Topic.swift in Sources */ = {isa = PBXBuildFile; fileRef = 308C22EA1CF4B1DE003B77B5 /* Topic.swift */; };
		30914EA91CFC559500E09D68 /* AppState.swift in Sources */ = {isa = PBXBuildFile; fileRef = 30914EA81CFC559500E09D68 /* AppState.swift */; };
		309B7ABB1D042A8E00221287 /* ColourControl.swift in Sources */ = {isa = PBXBuildFile; fileRef = 309B7ABA1D042A8E00221287 /* ColourControl.swift */; };
		309B7ABD1D0455CD00221287 /* QuizViewController.swift in Sources */ = {isa = PBXBuildFile; fileRef = 309B7ABC1D0455CD00221287 /* QuizViewController.swift */; };
		309B7AC11D04861E00221287 /* Quiz.swift in Sources */ = {isa = PBXBuildFile; fileRef = 309B7AC01D04861E00221287 /* Quiz.swift */; };
		30B0E4A51CFA1D1500D6B6BC /* CardTableViewCell.swift in Sources */ = {isa = PBXBuildFile; fileRef = 30B0E4A41CFA1D1500D6B6BC /* CardTableViewCell.swift */; };
		30E1BC661D0303A4009A6458 /* ColourPickerViewController.swift in Sources */ = {isa = PBXBuildFile; fileRef = 30E1BC651D0303A4009A6458 /* ColourPickerViewController.swift */; };
		3E004C351CF77B4000474F16 /* CardTableViewController.swift in Sources */ = {isa = PBXBuildFile; fileRef = 3E004C341CF77B4000474F16 /* CardTableViewController.swift */; };
		3E004C371CF77C3E00474F16 /* AddCardViewController.swift in Sources */ = {isa = PBXBuildFile; fileRef = 3E004C361CF77C3E00474F16 /* AddCardViewController.swift */; };
		3E4267BC1CFE87CF00E12B7A /* ViewCardViewController.swift in Sources */ = {isa = PBXBuildFile; fileRef = 3E4267BB1CFE87CF00E12B7A /* ViewCardViewController.swift */; };
		3EBF5F3D1CF213900079B23F /* AppDelegate.swift in Sources */ = {isa = PBXBuildFile; fileRef = 3EBF5F3C1CF213900079B23F /* AppDelegate.swift */; };
		3EBF5F441CF213900079B23F /* Main.storyboard in Resources */ = {isa = PBXBuildFile; fileRef = 3EBF5F421CF213900079B23F /* Main.storyboard */; };
		3EBF5F461CF213900079B23F /* Images.xcassets in Resources */ = {isa = PBXBuildFile; fileRef = 3EBF5F451CF213900079B23F /* Images.xcassets */; };
		3EBF5F491CF213900079B23F /* LaunchScreen.xib in Resources */ = {isa = PBXBuildFile; fileRef = 3EBF5F471CF213900079B23F /* LaunchScreen.xib */; };
		3EBF5F551CF213900079B23F /* CardsparkTests.swift in Sources */ = {isa = PBXBuildFile; fileRef = 3EBF5F541CF213900079B23F /* CardsparkTests.swift */; };
		3EBF5F5F1CF215500079B23F /* LoginViewController.swift in Sources */ = {isa = PBXBuildFile; fileRef = 3EBF5F5E1CF215500079B23F /* LoginViewController.swift */; };
		3EBF5F611CF238360079B23F /* cardspark white.png in Resources */ = {isa = PBXBuildFile; fileRef = 3EBF5F601CF238360079B23F /* cardspark white.png */; };
		3EDDF69B1CFB308C0021FA52 /* Card.swift in Sources */ = {isa = PBXBuildFile; fileRef = 3EDDF69A1CFB308C0021FA52 /* Card.swift */; };
		DC4352C1BE2A111911E4FCA9 /* Pods_Cardspark.framework in Frameworks */ = {isa = PBXBuildFile; fileRef = 33EB3C8E7E28B724AB2ED229 /* Pods_Cardspark.framework */; };
/* End PBXBuildFile section */

/* Begin PBXContainerItemProxy section */
		3EBF5F4F1CF213900079B23F /* PBXContainerItemProxy */ = {
			isa = PBXContainerItemProxy;
			containerPortal = 3EBF5F2F1CF213900079B23F /* Project object */;
			proxyType = 1;
			remoteGlobalIDString = 3EBF5F361CF213900079B23F;
			remoteInfo = Cardspark;
		};
/* End PBXContainerItemProxy section */

/* Begin PBXFileReference section */
		079B17D91D0764E60035EB25 /* DataServer.swift */ = {isa = PBXFileReference; fileEncoding = 4; lastKnownFileType = sourcecode.swift; path = DataServer.swift; sourceTree = "<group>"; };
		3035E31B1CFC6BB500872740 /* MessagesViewController.swift */ = {isa = PBXFileReference; fileEncoding = 4; lastKnownFileType = sourcecode.swift; path = MessagesViewController.swift; sourceTree = "<group>"; };
		304CCFD21CF85C7600EE0489 /* GoogleService-Info.plist */ = {isa = PBXFileReference; fileEncoding = 4; lastKnownFileType = text.plist.xml; path = "GoogleService-Info.plist"; sourceTree = "<group>"; };
		306881571CF78A1A00D16BC1 /* TimerViewController.swift */ = {isa = PBXFileReference; fileEncoding = 4; lastKnownFileType = sourcecode.swift; path = TimerViewController.swift; sourceTree = "<group>"; };
		307926061D0D923D002942BA /* UsersTableViewCell.swift */ = {isa = PBXFileReference; fileEncoding = 4; lastKnownFileType = sourcecode.swift; path = UsersTableViewCell.swift; sourceTree = "<group>"; };
		307926081D0D9284002942BA /* UsersTableViewController.swift */ = {isa = PBXFileReference; fileEncoding = 4; lastKnownFileType = sourcecode.swift; path = UsersTableViewController.swift; sourceTree = "<group>"; };
		308C22E21CF4A00F003B77B5 /* NewTopicViewController.swift */ = {isa = PBXFileReference; fileEncoding = 4; lastKnownFileType = sourcecode.swift; path = NewTopicViewController.swift; sourceTree = "<group>"; };
		308C22E61CF4A991003B77B5 /* TopicsTableViewController.swift */ = {isa = PBXFileReference; fileEncoding = 4; lastKnownFileType = sourcecode.swift; path = TopicsTableViewController.swift; sourceTree = "<group>"; };
		308C22E81CF4AED9003B77B5 /* TopicsTableViewCell.swift */ = {isa = PBXFileReference; fileEncoding = 4; lastKnownFileType = sourcecode.swift; path = TopicsTableViewCell.swift; sourceTree = "<group>"; };
		308C22EA1CF4B1DE003B77B5 /* Topic.swift */ = {isa = PBXFileReference; fileEncoding = 4; lastKnownFileType = sourcecode.swift; path = Topic.swift; sourceTree = "<group>"; };
		30914EA81CFC559500E09D68 /* AppState.swift */ = {isa = PBXFileReference; fileEncoding = 4; lastKnownFileType = sourcecode.swift; path = AppState.swift; sourceTree = "<group>"; };
		309B7ABA1D042A8E00221287 /* ColourControl.swift */ = {isa = PBXFileReference; fileEncoding = 4; lastKnownFileType = sourcecode.swift; path = ColourControl.swift; sourceTree = "<group>"; };
		309B7ABC1D0455CD00221287 /* QuizViewController.swift */ = {isa = PBXFileReference; fileEncoding = 4; lastKnownFileType = sourcecode.swift; path = QuizViewController.swift; sourceTree = "<group>"; };
		309B7AC01D04861E00221287 /* Quiz.swift */ = {isa = PBXFileReference; fileEncoding = 4; lastKnownFileType = sourcecode.swift; path = Quiz.swift; sourceTree = "<group>"; };
		30B0E4A41CFA1D1500D6B6BC /* CardTableViewCell.swift */ = {isa = PBXFileReference; fileEncoding = 4; lastKnownFileType = sourcecode.swift; path = CardTableViewCell.swift; sourceTree = "<group>"; };
		30E1BC651D0303A4009A6458 /* ColourPickerViewController.swift */ = {isa = PBXFileReference; fileEncoding = 4; lastKnownFileType = sourcecode.swift; path = ColourPickerViewController.swift; sourceTree = "<group>"; };
		33EB3C8E7E28B724AB2ED229 /* Pods_Cardspark.framework */ = {isa = PBXFileReference; explicitFileType = wrapper.framework; includeInIndex = 0; path = Pods_Cardspark.framework; sourceTree = BUILT_PRODUCTS_DIR; };
		3E004C341CF77B4000474F16 /* CardTableViewController.swift */ = {isa = PBXFileReference; fileEncoding = 4; lastKnownFileType = sourcecode.swift; path = CardTableViewController.swift; sourceTree = "<group>"; };
		3E004C361CF77C3E00474F16 /* AddCardViewController.swift */ = {isa = PBXFileReference; fileEncoding = 4; lastKnownFileType = sourcecode.swift; path = AddCardViewController.swift; sourceTree = "<group>"; };
		3E4267BB1CFE87CF00E12B7A /* ViewCardViewController.swift */ = {isa = PBXFileReference; fileEncoding = 4; lastKnownFileType = sourcecode.swift; path = ViewCardViewController.swift; sourceTree = "<group>"; };
		3EBF5F371CF213900079B23F /* Cardspark.app */ = {isa = PBXFileReference; explicitFileType = wrapper.application; includeInIndex = 0; path = Cardspark.app; sourceTree = BUILT_PRODUCTS_DIR; };
		3EBF5F3B1CF213900079B23F /* Info.plist */ = {isa = PBXFileReference; lastKnownFileType = text.plist.xml; path = Info.plist; sourceTree = "<group>"; };
		3EBF5F3C1CF213900079B23F /* AppDelegate.swift */ = {isa = PBXFileReference; lastKnownFileType = sourcecode.swift; path = AppDelegate.swift; sourceTree = "<group>"; };
		3EBF5F431CF213900079B23F /* Base */ = {isa = PBXFileReference; lastKnownFileType = file.storyboard; name = Base; path = Base.lproj/Main.storyboard; sourceTree = "<group>"; };
		3EBF5F451CF213900079B23F /* Images.xcassets */ = {isa = PBXFileReference; lastKnownFileType = folder.assetcatalog; path = Images.xcassets; sourceTree = "<group>"; };
		3EBF5F481CF213900079B23F /* Base */ = {isa = PBXFileReference; lastKnownFileType = file.xib; name = Base; path = Base.lproj/LaunchScreen.xib; sourceTree = "<group>"; };
		3EBF5F4E1CF213900079B23F /* CardsparkTests.xctest */ = {isa = PBXFileReference; explicitFileType = wrapper.cfbundle; includeInIndex = 0; path = CardsparkTests.xctest; sourceTree = BUILT_PRODUCTS_DIR; };
		3EBF5F531CF213900079B23F /* Info.plist */ = {isa = PBXFileReference; lastKnownFileType = text.plist.xml; path = Info.plist; sourceTree = "<group>"; };
		3EBF5F541CF213900079B23F /* CardsparkTests.swift */ = {isa = PBXFileReference; lastKnownFileType = sourcecode.swift; path = CardsparkTests.swift; sourceTree = "<group>"; };
		3EBF5F5E1CF215500079B23F /* LoginViewController.swift */ = {isa = PBXFileReference; fileEncoding = 4; lastKnownFileType = sourcecode.swift; path = LoginViewController.swift; sourceTree = "<group>"; };
		3EBF5F601CF238360079B23F /* cardspark white.png */ = {isa = PBXFileReference; lastKnownFileType = image.png; path = "cardspark white.png"; sourceTree = "<group>"; };
		3EDDF69A1CFB308C0021FA52 /* Card.swift */ = {isa = PBXFileReference; fileEncoding = 4; lastKnownFileType = sourcecode.swift; path = Card.swift; sourceTree = "<group>"; };
		61E15A3DF9901B414F165A3F /* Pods-Cardspark.debug.xcconfig */ = {isa = PBXFileReference; includeInIndex = 1; lastKnownFileType = text.xcconfig; name = "Pods-Cardspark.debug.xcconfig"; path = "Pods/Target Support Files/Pods-Cardspark/Pods-Cardspark.debug.xcconfig"; sourceTree = "<group>"; };
		E97028E318C2E008C941002B /* Pods-Cardspark.release.xcconfig */ = {isa = PBXFileReference; includeInIndex = 1; lastKnownFileType = text.xcconfig; name = "Pods-Cardspark.release.xcconfig"; path = "Pods/Target Support Files/Pods-Cardspark/Pods-Cardspark.release.xcconfig"; sourceTree = "<group>"; };
/* End PBXFileReference section */

/* Begin PBXFrameworksBuildPhase section */
		3EBF5F341CF213900079B23F /* Frameworks */ = {
			isa = PBXFrameworksBuildPhase;
			buildActionMask = 2147483647;
			files = (
				DC4352C1BE2A111911E4FCA9 /* Pods_Cardspark.framework in Frameworks */,
			);
			runOnlyForDeploymentPostprocessing = 0;
		};
		3EBF5F4B1CF213900079B23F /* Frameworks */ = {
			isa = PBXFrameworksBuildPhase;
			buildActionMask = 2147483647;
			files = (
			);
			runOnlyForDeploymentPostprocessing = 0;
		};
/* End PBXFrameworksBuildPhase section */

/* Begin PBXGroup section */
		037203CAFA3CF66C17363400 /* Pods */ = {
			isa = PBXGroup;
			children = (
				3EBF5F511CF213900079B23F /* CardsparkTests */,
				61E15A3DF9901B414F165A3F /* Pods-Cardspark.debug.xcconfig */,
				E97028E318C2E008C941002B /* Pods-Cardspark.release.xcconfig */,
			);
			name = Pods;
			sourceTree = "<group>";
		};
		3EBF5F2E1CF213900079B23F = {
			isa = PBXGroup;
			children = (
				3EBF5F391CF213900079B23F /* Cardspark */,
				3EBF5F381CF213900079B23F /* Products */,
				037203CAFA3CF66C17363400 /* Pods */,
				4D4161F28160625AFD572F5F /* Frameworks */,
			);
			sourceTree = "<group>";
		};
		3EBF5F381CF213900079B23F /* Products */ = {
			isa = PBXGroup;
			children = (
				3EBF5F371CF213900079B23F /* Cardspark.app */,
				3EBF5F4E1CF213900079B23F /* CardsparkTests.xctest */,
			);
			name = Products;
			sourceTree = "<group>";
		};
		3EBF5F391CF213900079B23F /* Cardspark */ = {
			isa = PBXGroup;
			children = (
				3E004C361CF77C3E00474F16 /* AddCardViewController.swift */,
				3EBF5F3C1CF213900079B23F /* AppDelegate.swift */,
				30914EA81CFC559500E09D68 /* AppState.swift */,
				3EDDF69A1CFB308C0021FA52 /* Card.swift */,
				30B0E4A41CFA1D1500D6B6BC /* CardTableViewCell.swift */,
				3E004C341CF77B4000474F16 /* CardTableViewController.swift */,
				309B7ABA1D042A8E00221287 /* ColourControl.swift */,
				30E1BC651D0303A4009A6458 /* ColourPickerViewController.swift */,
				079B17D91D0764E60035EB25 /* DataServer.swift */,
				3EBF5F5E1CF215500079B23F /* LoginViewController.swift */,
				3EBF5F421CF213900079B23F /* Main.storyboard */,
				307926061D0D923D002942BA /* UsersTableViewCell.swift */,
				307926081D0D9284002942BA /* UsersTableViewController.swift */,
				3035E31B1CFC6BB500872740 /* MessagesViewController.swift */,
				308C22E21CF4A00F003B77B5 /* NewTopicViewController.swift */,
				309B7AC01D04861E00221287 /* Quiz.swift */,
				309B7ABC1D0455CD00221287 /* QuizViewController.swift */,
				306881571CF78A1A00D16BC1 /* TimerViewController.swift */,
				308C22EA1CF4B1DE003B77B5 /* Topic.swift */,
				308C22E81CF4AED9003B77B5 /* TopicsTableViewCell.swift */,
				308C22E61CF4A991003B77B5 /* TopicsTableViewController.swift */,
				3E4267BB1CFE87CF00E12B7A /* ViewCardViewController.swift */,
				3EBF5F451CF213900079B23F /* Images.xcassets */,
				3EBF5F471CF213900079B23F /* LaunchScreen.xib */,
				3EBF5F3A1CF213900079B23F /* Supporting Files */,
			);
			indentWidth = 2;
			path = Cardspark;
			sourceTree = "<group>";
			tabWidth = 2;
		};
		3EBF5F3A1CF213900079B23F /* Supporting Files */ = {
			isa = PBXGroup;
			children = (
				3EBF5F601CF238360079B23F /* cardspark white.png */,
				304CCFD21CF85C7600EE0489 /* GoogleService-Info.plist */,
				3EBF5F3B1CF213900079B23F /* Info.plist */,
			);
			name = "Supporting Files";
			sourceTree = "<group>";
		};
		3EBF5F511CF213900079B23F /* CardsparkTests */ = {
			isa = PBXGroup;
			children = (
				3EBF5F541CF213900079B23F /* CardsparkTests.swift */,
				3EBF5F521CF213900079B23F /* Supporting Files */,
			);
			path = CardsparkTests;
			sourceTree = "<group>";
		};
		3EBF5F521CF213900079B23F /* Supporting Files */ = {
			isa = PBXGroup;
			children = (
				3EBF5F531CF213900079B23F /* Info.plist */,
			);
			name = "Supporting Files";
			sourceTree = "<group>";
		};
		4D4161F28160625AFD572F5F /* Frameworks */ = {
			isa = PBXGroup;
			children = (
				33EB3C8E7E28B724AB2ED229 /* Pods_Cardspark.framework */,
			);
			name = Frameworks;
			sourceTree = "<group>";
		};
/* End PBXGroup section */

/* Begin PBXNativeTarget section */
		3EBF5F361CF213900079B23F /* Cardspark */ = {
			isa = PBXNativeTarget;
			buildConfigurationList = 3EBF5F581CF213900079B23F /* Build configuration list for PBXNativeTarget "Cardspark" */;
			buildPhases = (
				CDEFA3425C31E0BF74CE0ADE /* 📦 Check Pods Manifest.lock */,
				3EBF5F331CF213900079B23F /* Sources */,
				3EBF5F341CF213900079B23F /* Frameworks */,
				3EBF5F351CF213900079B23F /* Resources */,
				F85FED01A042B0ECE608AA4B /* 📦 Embed Pods Frameworks */,
				DB9810A9D23D21C51310B336 /* 📦 Copy Pods Resources */,
			);
			buildRules = (
			);
			dependencies = (
			);
			name = Cardspark;
			productName = Cardspark;
			productReference = 3EBF5F371CF213900079B23F /* Cardspark.app */;
			productType = "com.apple.product-type.application";
		};
		3EBF5F4D1CF213900079B23F /* CardsparkTests */ = {
			isa = PBXNativeTarget;
			buildConfigurationList = 3EBF5F5B1CF213900079B23F /* Build configuration list for PBXNativeTarget "CardsparkTests" */;
			buildPhases = (
				3EBF5F4A1CF213900079B23F /* Sources */,
				3EBF5F4B1CF213900079B23F /* Frameworks */,
				3EBF5F4C1CF213900079B23F /* Resources */,
			);
			buildRules = (
			);
			dependencies = (
				3EBF5F501CF213900079B23F /* PBXTargetDependency */,
			);
			name = CardsparkTests;
			productName = CardsparkTests;
			productReference = 3EBF5F4E1CF213900079B23F /* CardsparkTests.xctest */;
			productType = "com.apple.product-type.bundle.unit-test";
		};
/* End PBXNativeTarget section */

/* Begin PBXProject section */
		3EBF5F2F1CF213900079B23F /* Project object */ = {
			isa = PBXProject;
			attributes = {
				LastSwiftMigration = 0730;
				LastSwiftUpdateCheck = 0730;
				LastUpgradeCheck = 0730;
				ORGANIZATIONNAME = "Mango Productions";
				TargetAttributes = {
					3EBF5F361CF213900079B23F = {
						CreatedOnToolsVersion = 6.1.1;
					};
					3EBF5F4D1CF213900079B23F = {
						CreatedOnToolsVersion = 6.1.1;
						TestTargetID = 3EBF5F361CF213900079B23F;
					};
				};
			};
			buildConfigurationList = 3EBF5F321CF213900079B23F /* Build configuration list for PBXProject "Cardspark" */;
			compatibilityVersion = "Xcode 3.2";
			developmentRegion = English;
			hasScannedForEncodings = 0;
			knownRegions = (
				en,
				Base,
			);
			mainGroup = 3EBF5F2E1CF213900079B23F;
			productRefGroup = 3EBF5F381CF213900079B23F /* Products */;
			projectDirPath = "";
			projectRoot = "";
			targets = (
				3EBF5F361CF213900079B23F /* Cardspark */,
				3EBF5F4D1CF213900079B23F /* CardsparkTests */,
			);
		};
/* End PBXProject section */

/* Begin PBXResourcesBuildPhase section */
		3EBF5F351CF213900079B23F /* Resources */ = {
			isa = PBXResourcesBuildPhase;
			buildActionMask = 2147483647;
			files = (
				3EBF5F441CF213900079B23F /* Main.storyboard in Resources */,
				3EBF5F491CF213900079B23F /* LaunchScreen.xib in Resources */,
				304CCFD31CF85C7600EE0489 /* GoogleService-Info.plist in Resources */,
				3EBF5F611CF238360079B23F /* cardspark white.png in Resources */,
				3EBF5F461CF213900079B23F /* Images.xcassets in Resources */,
			);
			runOnlyForDeploymentPostprocessing = 0;
		};
		3EBF5F4C1CF213900079B23F /* Resources */ = {
			isa = PBXResourcesBuildPhase;
			buildActionMask = 2147483647;
			files = (
			);
			runOnlyForDeploymentPostprocessing = 0;
		};
/* End PBXResourcesBuildPhase section */

/* Begin PBXShellScriptBuildPhase section */
		CDEFA3425C31E0BF74CE0ADE /* 📦 Check Pods Manifest.lock */ = {
			isa = PBXShellScriptBuildPhase;
			buildActionMask = 2147483647;
			files = (
			);
			inputPaths = (
			);
			name = "📦 Check Pods Manifest.lock";
			outputPaths = (
			);
			runOnlyForDeploymentPostprocessing = 0;
			shellPath = /bin/sh;
			shellScript = "diff \"${PODS_ROOT}/../Podfile.lock\" \"${PODS_ROOT}/Manifest.lock\" > /dev/null\nif [[ $? != 0 ]] ; then\n    cat << EOM\nerror: The sandbox is not in sync with the Podfile.lock. Run 'pod install' or update your CocoaPods installation.\nEOM\n    exit 1\nfi\n";
			showEnvVarsInLog = 0;
		};
		DB9810A9D23D21C51310B336 /* 📦 Copy Pods Resources */ = {
			isa = PBXShellScriptBuildPhase;
			buildActionMask = 2147483647;
			files = (
			);
			inputPaths = (
			);
			name = "📦 Copy Pods Resources";
			outputPaths = (
			);
			runOnlyForDeploymentPostprocessing = 0;
			shellPath = /bin/sh;
			shellScript = "\"${SRCROOT}/Pods/Target Support Files/Pods-Cardspark/Pods-Cardspark-resources.sh\"\n";
			showEnvVarsInLog = 0;
		};
		F85FED01A042B0ECE608AA4B /* 📦 Embed Pods Frameworks */ = {
			isa = PBXShellScriptBuildPhase;
			buildActionMask = 2147483647;
			files = (
			);
			inputPaths = (
			);
			name = "📦 Embed Pods Frameworks";
			outputPaths = (
			);
			runOnlyForDeploymentPostprocessing = 0;
			shellPath = /bin/sh;
			shellScript = "\"${SRCROOT}/Pods/Target Support Files/Pods-Cardspark/Pods-Cardspark-frameworks.sh\"\n";
			showEnvVarsInLog = 0;
		};
/* End PBXShellScriptBuildPhase section */

/* Begin PBXSourcesBuildPhase section */
		3EBF5F331CF213900079B23F /* Sources */ = {
			isa = PBXSourcesBuildPhase;
			buildActionMask = 2147483647;
			files = (
				079B17DA1D0764E60035EB25 /* DataServer.swift in Sources */,
				3035E31C1CFC6BB500872740 /* MessagesViewController.swift in Sources */,
				309B7ABD1D0455CD00221287 /* QuizViewController.swift in Sources */,
				306881581CF78A1A00D16BC1 /* TimerViewController.swift in Sources */,
				307926071D0D923D002942BA /* UsersTableViewCell.swift in Sources */,
				307926091D0D9284002942BA /* UsersTableViewController.swift in Sources */,
				30E1BC661D0303A4009A6458 /* ColourPickerViewController.swift in Sources */,
				309B7ABB1D042A8E00221287 /* ColourControl.swift in Sources */,
				30B0E4A51CFA1D1500D6B6BC /* CardTableViewCell.swift in Sources */,
				3EBF5F5F1CF215500079B23F /* LoginViewController.swift in Sources */,
				3E004C351CF77B4000474F16 /* CardTableViewController.swift in Sources */,
				308C22EB1CF4B1DE003B77B5 /* Topic.swift in Sources */,
				3EBF5F3D1CF213900079B23F /* AppDelegate.swift in Sources */,
				3EDDF69B1CFB308C0021FA52 /* Card.swift in Sources */,
				308C22E31CF4A00F003B77B5 /* NewTopicViewController.swift in Sources */,
				308C22E71CF4A991003B77B5 /* TopicsTableViewController.swift in Sources */,
				30914EA91CFC559500E09D68 /* AppState.swift in Sources */,
				309B7AC11D04861E00221287 /* Quiz.swift in Sources */,
				3E4267BC1CFE87CF00E12B7A /* ViewCardViewController.swift in Sources */,
				308C22E91CF4AED9003B77B5 /* TopicsTableViewCell.swift in Sources */,
				3E004C371CF77C3E00474F16 /* AddCardViewController.swift in Sources */,
			);
			runOnlyForDeploymentPostprocessing = 0;
		};
		3EBF5F4A1CF213900079B23F /* Sources */ = {
			isa = PBXSourcesBuildPhase;
			buildActionMask = 2147483647;
			files = (
				3EBF5F551CF213900079B23F /* CardsparkTests.swift in Sources */,
			);
			runOnlyForDeploymentPostprocessing = 0;
		};
/* End PBXSourcesBuildPhase section */

/* Begin PBXTargetDependency section */
		3EBF5F501CF213900079B23F /* PBXTargetDependency */ = {
			isa = PBXTargetDependency;
			target = 3EBF5F361CF213900079B23F /* Cardspark */;
			targetProxy = 3EBF5F4F1CF213900079B23F /* PBXContainerItemProxy */;
		};
/* End PBXTargetDependency section */

/* Begin PBXVariantGroup section */
		3EBF5F421CF213900079B23F /* Main.storyboard */ = {
			isa = PBXVariantGroup;
			children = (
				3EBF5F431CF213900079B23F /* Base */,
			);
			name = Main.storyboard;
			sourceTree = "<group>";
		};
		3EBF5F471CF213900079B23F /* LaunchScreen.xib */ = {
			isa = PBXVariantGroup;
			children = (
				3EBF5F481CF213900079B23F /* Base */,
			);
			name = LaunchScreen.xib;
			sourceTree = "<group>";
		};
/* End PBXVariantGroup section */

/* Begin XCBuildConfiguration section */
		3EBF5F561CF213900079B23F /* Debug */ = {
			isa = XCBuildConfiguration;
			buildSettings = {
				ALWAYS_SEARCH_USER_PATHS = NO;
				CLANG_CXX_LANGUAGE_STANDARD = "gnu++0x";
				CLANG_CXX_LIBRARY = "libc++";
				CLANG_ENABLE_MODULES = YES;
				CLANG_ENABLE_OBJC_ARC = YES;
				CLANG_WARN_BOOL_CONVERSION = YES;
				CLANG_WARN_CONSTANT_CONVERSION = YES;
				CLANG_WARN_DIRECT_OBJC_ISA_USAGE = YES_ERROR;
				CLANG_WARN_EMPTY_BODY = YES;
				CLANG_WARN_ENUM_CONVERSION = YES;
				CLANG_WARN_INT_CONVERSION = YES;
				CLANG_WARN_OBJC_ROOT_CLASS = YES_ERROR;
				CLANG_WARN_UNREACHABLE_CODE = YES;
				CLANG_WARN__DUPLICATE_METHOD_MATCH = YES;
				"CODE_SIGN_IDENTITY[sdk=iphoneos*]" = "iPhone Developer";
				COPY_PHASE_STRIP = NO;
				ENABLE_STRICT_OBJC_MSGSEND = YES;
				ENABLE_TESTABILITY = YES;
				GCC_C_LANGUAGE_STANDARD = gnu99;
				GCC_DYNAMIC_NO_PIC = NO;
				GCC_OPTIMIZATION_LEVEL = 0;
				GCC_PREPROCESSOR_DEFINITIONS = (
					"DEBUG=1",
					"$(inherited)",
				);
				GCC_SYMBOLS_PRIVATE_EXTERN = NO;
				GCC_WARN_64_TO_32_BIT_CONVERSION = YES;
				GCC_WARN_ABOUT_RETURN_TYPE = YES_ERROR;
				GCC_WARN_UNDECLARED_SELECTOR = YES;
				GCC_WARN_UNINITIALIZED_AUTOS = YES_AGGRESSIVE;
				GCC_WARN_UNUSED_FUNCTION = YES;
				GCC_WARN_UNUSED_VARIABLE = YES;
				IPHONEOS_DEPLOYMENT_TARGET = 9.3;
				MTL_ENABLE_DEBUG_INFO = YES;
				ONLY_ACTIVE_ARCH = YES;
				SDKROOT = iphoneos;
				SWIFT_OPTIMIZATION_LEVEL = "-Onone";
			};
			name = Debug;
		};
		3EBF5F571CF213900079B23F /* Release */ = {
			isa = XCBuildConfiguration;
			buildSettings = {
				ALWAYS_SEARCH_USER_PATHS = NO;
				CLANG_CXX_LANGUAGE_STANDARD = "gnu++0x";
				CLANG_CXX_LIBRARY = "libc++";
				CLANG_ENABLE_MODULES = YES;
				CLANG_ENABLE_OBJC_ARC = YES;
				CLANG_WARN_BOOL_CONVERSION = YES;
				CLANG_WARN_CONSTANT_CONVERSION = YES;
				CLANG_WARN_DIRECT_OBJC_ISA_USAGE = YES_ERROR;
				CLANG_WARN_EMPTY_BODY = YES;
				CLANG_WARN_ENUM_CONVERSION = YES;
				CLANG_WARN_INT_CONVERSION = YES;
				CLANG_WARN_OBJC_ROOT_CLASS = YES_ERROR;
				CLANG_WARN_UNREACHABLE_CODE = YES;
				CLANG_WARN__DUPLICATE_METHOD_MATCH = YES;
				"CODE_SIGN_IDENTITY[sdk=iphoneos*]" = "iPhone Developer";
				COPY_PHASE_STRIP = YES;
				ENABLE_NS_ASSERTIONS = NO;
				ENABLE_STRICT_OBJC_MSGSEND = YES;
				GCC_C_LANGUAGE_STANDARD = gnu99;
				GCC_WARN_64_TO_32_BIT_CONVERSION = YES;
				GCC_WARN_ABOUT_RETURN_TYPE = YES_ERROR;
				GCC_WARN_UNDECLARED_SELECTOR = YES;
				GCC_WARN_UNINITIALIZED_AUTOS = YES_AGGRESSIVE;
				GCC_WARN_UNUSED_FUNCTION = YES;
				GCC_WARN_UNUSED_VARIABLE = YES;
				IPHONEOS_DEPLOYMENT_TARGET = 9.3;
				MTL_ENABLE_DEBUG_INFO = NO;
				SDKROOT = iphoneos;
				VALIDATE_PRODUCT = YES;
			};
			name = Release;
		};
		3EBF5F591CF213900079B23F /* Debug */ = {
			isa = XCBuildConfiguration;
			baseConfigurationReference = 61E15A3DF9901B414F165A3F /* Pods-Cardspark.debug.xcconfig */;
			buildSettings = {
				ASSETCATALOG_COMPILER_APPICON_NAME = AppIcon;
				INFOPLIST_FILE = Cardspark/Info.plist;
				LD_RUNPATH_SEARCH_PATHS = "$(inherited) @executable_path/Frameworks";
				PRODUCT_BUNDLE_IDENTIFIER = "com.mango.$(PRODUCT_NAME:rfc1034identifier)";
				PRODUCT_NAME = "$(TARGET_NAME)";
			};
			name = Debug;
		};
		3EBF5F5A1CF213900079B23F /* Release */ = {
			isa = XCBuildConfiguration;
			baseConfigurationReference = E97028E318C2E008C941002B /* Pods-Cardspark.release.xcconfig */;
			buildSettings = {
				ASSETCATALOG_COMPILER_APPICON_NAME = AppIcon;
				INFOPLIST_FILE = Cardspark/Info.plist;
				LD_RUNPATH_SEARCH_PATHS = "$(inherited) @executable_path/Frameworks";
				PRODUCT_BUNDLE_IDENTIFIER = "com.mango.$(PRODUCT_NAME:rfc1034identifier)";
				PRODUCT_NAME = "$(TARGET_NAME)";
			};
			name = Release;
		};
		3EBF5F5C1CF213900079B23F /* Debug */ = {
			isa = XCBuildConfiguration;
			buildSettings = {
				BUNDLE_LOADER = "$(TEST_HOST)";
				FRAMEWORK_SEARCH_PATHS = (
					"$(SDKROOT)/Developer/Library/Frameworks",
					"$(inherited)",
				);
				GCC_PREPROCESSOR_DEFINITIONS = (
					"DEBUG=1",
					"$(inherited)",
				);
				INFOPLIST_FILE = CardsparkTests/Info.plist;
				LD_RUNPATH_SEARCH_PATHS = "$(inherited) @executable_path/Frameworks @loader_path/Frameworks";
				PRODUCT_BUNDLE_IDENTIFIER = "com.mango.$(PRODUCT_NAME:rfc1034identifier)";
				PRODUCT_NAME = "$(TARGET_NAME)";
				TEST_HOST = "$(BUILT_PRODUCTS_DIR)/Cardspark.app/Cardspark";
			};
			name = Debug;
		};
		3EBF5F5D1CF213900079B23F /* Release */ = {
			isa = XCBuildConfiguration;
			buildSettings = {
				BUNDLE_LOADER = "$(TEST_HOST)";
				FRAMEWORK_SEARCH_PATHS = (
					"$(SDKROOT)/Developer/Library/Frameworks",
					"$(inherited)",
				);
				INFOPLIST_FILE = CardsparkTests/Info.plist;
				LD_RUNPATH_SEARCH_PATHS = "$(inherited) @executable_path/Frameworks @loader_path/Frameworks";
				PRODUCT_BUNDLE_IDENTIFIER = "com.mango.$(PRODUCT_NAME:rfc1034identifier)";
				PRODUCT_NAME = "$(TARGET_NAME)";
				TEST_HOST = "$(BUILT_PRODUCTS_DIR)/Cardspark.app/Cardspark";
			};
			name = Release;
		};
/* End XCBuildConfiguration section */

/* Begin XCConfigurationList section */
		3EBF5F321CF213900079B23F /* Build configuration list for PBXProject "Cardspark" */ = {
			isa = XCConfigurationList;
			buildConfigurations = (
				3EBF5F561CF213900079B23F /* Debug */,
				3EBF5F571CF213900079B23F /* Release */,
			);
			defaultConfigurationIsVisible = 0;
			defaultConfigurationName = Release;
		};
		3EBF5F581CF213900079B23F /* Build configuration list for PBXNativeTarget "Cardspark" */ = {
			isa = XCConfigurationList;
			buildConfigurations = (
				3EBF5F591CF213900079B23F /* Debug */,
				3EBF5F5A1CF213900079B23F /* Release */,
			);
			defaultConfigurationIsVisible = 0;
			defaultConfigurationName = Release;
		};
		3EBF5F5B1CF213900079B23F /* Build configuration list for PBXNativeTarget "CardsparkTests" */ = {
			isa = XCConfigurationList;
			buildConfigurations = (
				3EBF5F5C1CF213900079B23F /* Debug */,
				3EBF5F5D1CF213900079B23F /* Release */,
			);
			defaultConfigurationIsVisible = 0;
			defaultConfigurationName = Release;
		};
/* End XCConfigurationList section */
	};
	rootObject = 3EBF5F2F1CF213900079B23F /* Project object */;
}
